<?xml version="1.0" encoding="utf-8"?>
<Project ToolsVersion="4.0" xmlns="http://schemas.microsoft.com/developer/msbuild/2003">
  <ItemGroup>
    <Filter Include="win32">
      <UniqueIdentifier>{84a8ebd7-7cf0-47f6-b75e-d441df67da40}</UniqueIdentifier>
    </Filter>
    <Filter Include="resource">
      <UniqueIdentifier>{715254bc-d70b-4ec5-bf29-467dd3ace079}</UniqueIdentifier>
    </Filter>
    <Filter Include="src">
      <UniqueIdentifier>{bb6c862e-70e9-49d9-81b7-3829a6f50471}</UniqueIdentifier>
    </Filter>
    <Filter Include="src\Pokemon">
      <UniqueIdentifier>{490b3f15-1e26-4505-9de8-bea20586cd44}</UniqueIdentifier>
    </Filter>
    <Filter Include="src\NPC">
      <UniqueIdentifier>{7e677e0d-b094-4332-a1c6-914a73b71460}</UniqueIdentifier>
    </Filter>
    <Filter Include="src\Skill">
      <UniqueIdentifier>{ff046030-6ef1-4919-8d16-b0636f6a7cd6}</UniqueIdentifier>
    </Filter>
    <Filter Include="src\Scene">
      <UniqueIdentifier>{7f5fa2fa-3aba-45ce-bf5f-bb40a428ad70}</UniqueIdentifier>
    </Filter>
    <Filter Include="src\Item">
      <UniqueIdentifier>{8f3a0f08-393f-4cee-a919-07b70d677673}</UniqueIdentifier>
    </Filter>
    <Filter Include="src\Item\HP">
      <UniqueIdentifier>{541111bc-2e70-4cd7-bfde-e5a224119549}</UniqueIdentifier>
    </Filter>
    <Filter Include="src\Item\Stone">
      <UniqueIdentifier>{b32b90ee-6d7b-4243-b70a-3339f5410828}</UniqueIdentifier>
    </Filter>
    <Filter Include="src\Item\Revival">
      <UniqueIdentifier>{973b7caa-c720-4680-8a3b-a46aade7fce9}</UniqueIdentifier>
    </Filter>
  </ItemGroup>
  <ItemGroup>
    <ClCompile Include="main.cpp">
      <Filter>win32</Filter>
    </ClCompile>
    <ClCompile Include="..\Classes\AppDelegate.cpp">
      <Filter>src</Filter>
    </ClCompile>
    <ClCompile Include="..\Classes\HelloWorldScene.cpp">
      <Filter>src</Filter>
    </ClCompile>
    <ClCompile Include="..\Classes\ResourceManager.cpp">
      <Filter>src</Filter>
    </ClCompile>
    <ClCompile Include="..\Classes\MyObject.cpp">
      <Filter>src</Filter>
    </ClCompile>
    <ClCompile Include="..\Classes\Pokemon.cpp">
      <Filter>src</Filter>
    </ClCompile>
    <ClCompile Include="..\Classes\Pokemon\Charmander.cpp">
      <Filter>src\Pokemon</Filter>
    </ClCompile>
    <ClCompile Include="..\Classes\Pokemon\Blastoise.cpp">
      <Filter>src\Pokemon</Filter>
    </ClCompile>
    <ClCompile Include="..\Classes\Pokemon\Squirtle.cpp">
      <Filter>src\Pokemon</Filter>
    </ClCompile>
    <ClCompile Include="..\Classes\Pokemon\Wartortle.cpp">
      <Filter>src\Pokemon</Filter>
    </ClCompile>
    <ClCompile Include="..\Classes\Buttons.cpp">
      <Filter>src</Filter>
    </ClCompile>
    <ClCompile Include="..\Classes\Trainer.cpp">
      <Filter>src</Filter>
    </ClCompile>
    <ClCompile Include="..\Classes\NPC.cpp">
      <Filter>src</Filter>
    </ClCompile>
    <ClCompile Include="..\Classes\Pokemon\Charmeleon.cpp">
      <Filter>src\Pokemon</Filter>
    </ClCompile>
    <ClCompile Include="..\Classes\Pokemon\Bayleef.cpp">
      <Filter>src\Pokemon</Filter>
    </ClCompile>
    <ClCompile Include="..\Classes\Pokemon\Beautifly.cpp">
      <Filter>src\Pokemon</Filter>
    </ClCompile>
    <ClCompile Include="..\Classes\Pokemon\Celebi.cpp">
      <Filter>src\Pokemon</Filter>
    </ClCompile>
    <ClCompile Include="..\Classes\Pokemon\Chikorita.cpp">
      <Filter>src\Pokemon</Filter>
    </ClCompile>
    <ClCompile Include="..\Classes\Pokemon\Dragonair.cpp">
      <Filter>src\Pokemon</Filter>
    </ClCompile>
    <ClCompile Include="..\Classes\Pokemon\Dragonite.cpp">
      <Filter>src\Pokemon</Filter>
    </ClCompile>
    <ClCompile Include="..\Classes\Pokemon\Eevee.cpp">
      <Filter>src\Pokemon</Filter>
    </ClCompile>
    <ClCompile Include="..\Classes\Pokemon\Electrike.cpp">
      <Filter>src\Pokemon</Filter>
    </ClCompile>
    <ClCompile Include="..\Classes\Pokemon\Entei.cpp">
      <Filter>src\Pokemon</Filter>
    </ClCompile>
    <ClCompile Include="..\Classes\Pokemon\Farfetchd.cpp">
      <Filter>src\Pokemon</Filter>
    </ClCompile>
    <ClCompile Include="..\Classes\Pokemon\Feebas.cpp">
      <Filter>src\Pokemon</Filter>
    </ClCompile>
    <ClCompile Include="..\Classes\Pokemon\Flareon.cpp">
      <Filter>src\Pokemon</Filter>
    </ClCompile>
    <ClCompile Include="..\Classes\Pokemon\Garchomp.cpp">
      <Filter>src\Pokemon</Filter>
    </ClCompile>
    <ClCompile Include="..\Classes\Pokemon\Gardevoir.cpp">
      <Filter>src\Pokemon</Filter>
    </ClCompile>
    <ClCompile Include="..\Classes\Pokemon\Greninja.cpp">
      <Filter>src\Pokemon</Filter>
    </ClCompile>
    <ClCompile Include="..\Classes\Pokemon\Jolteon.cpp">
      <Filter>src\Pokemon</Filter>
    </ClCompile>
    <ClCompile Include="..\Classes\Pokemon\Kirlia.cpp">
      <Filter>src\Pokemon</Filter>
    </ClCompile>
    <ClCompile Include="..\Classes\Pokemon\Meganium.cpp">
      <Filter>src\Pokemon</Filter>
    </ClCompile>
    <ClCompile Include="..\Classes\Pokemon\Leafeon.cpp">
      <Filter>src\Pokemon</Filter>
    </ClCompile>
    <ClCompile Include="..\Classes\Pokemon\Manectric.cpp">
      <Filter>src\Pokemon</Filter>
    </ClCompile>
    <ClCompile Include="..\Classes\Pokemon\Meowth.cpp">
      <Filter>src\Pokemon</Filter>
    </ClCompile>
    <ClCompile Include="..\Classes\Pokemon\Milotic.cpp">
      <Filter>src\Pokemon</Filter>
    </ClCompile>
    <ClCompile Include="..\Classes\Pokemon\Pidgeot.cpp">
      <Filter>src\Pokemon</Filter>
    </ClCompile>
    <ClCompile Include="..\Classes\Pokemon\Pidgeotto.cpp">
      <Filter>src\Pokemon</Filter>
    </ClCompile>
    <ClCompile Include="..\Classes\Pokemon\Pidgey.cpp">
      <Filter>src\Pokemon</Filter>
    </ClCompile>
    <ClCompile Include="..\Classes\Pokemon\Ponyta.cpp">
      <Filter>src\Pokemon</Filter>
    </ClCompile>
    <ClCompile Include="..\Classes\Pokemon\Pikachu.cpp">
      <Filter>src\Pokemon</Filter>
    </ClCompile>
    <ClCompile Include="..\Classes\Pokemon\Raikou.cpp">
      <Filter>src\Pokemon</Filter>
    </ClCompile>
    <ClCompile Include="..\Classes\Pokemon\Ralts.cpp">
      <Filter>src\Pokemon</Filter>
    </ClCompile>
    <ClCompile Include="..\Classes\Pokemon\Salamence.cpp">
      <Filter>src\Pokemon</Filter>
    </ClCompile>
    <ClCompile Include="..\Classes\Pokemon\Shaymin.cpp">
      <Filter>src\Pokemon</Filter>
    </ClCompile>
    <ClCompile Include="..\Classes\Pokemon\Skymin.cpp">
      <Filter>src\Pokemon</Filter>
    </ClCompile>
    <ClCompile Include="..\Classes\Pokemon\Snorlax.cpp">
      <Filter>src\Pokemon</Filter>
    </ClCompile>
    <ClCompile Include="..\Classes\Pokemon\Suicune.cpp">
      <Filter>src\Pokemon</Filter>
    </ClCompile>
    <ClCompile Include="..\Classes\Pokemon\Swellow.cpp">
      <Filter>src\Pokemon</Filter>
    </ClCompile>
    <ClCompile Include="..\Classes\Pokemon\Taillow.cpp">
      <Filter>src\Pokemon</Filter>
    </ClCompile>
    <ClCompile Include="..\Classes\Pokemon\Vaporeon.cpp">
      <Filter>src\Pokemon</Filter>
    </ClCompile>
    <ClCompile Include="..\Classes\Pokemon\Voltorb.cpp">
      <Filter>src\Pokemon</Filter>
    </ClCompile>
    <ClCompile Include="..\Classes\Pokemon\Vulpix.cpp">
      <Filter>src\Pokemon</Filter>
    </ClCompile>
    <ClCompile Include="..\Classes\Pokemon\Charizard.cpp">
      <Filter>src\Pokemon</Filter>
    </ClCompile>
    <ClCompile Include="..\Classes\Skill\Bite.cpp">
      <Filter>src\Skill</Filter>
    </ClCompile>
    <ClCompile Include="..\Classes\Skill\BlastBurn.cpp">
      <Filter>src\Skill</Filter>
    </ClCompile>
    <ClCompile Include="..\Classes\Skill\BodySlam.cpp">
      <Filter>src\Skill</Filter>
    </ClCompile>
    <ClCompile Include="..\Classes\Skill\DracoMeteor.cpp">
      <Filter>src\Skill</Filter>
    </ClCompile>
    <ClCompile Include="..\Classes\Skill\DragonClaw.cpp">
      <Filter>src\Skill</Filter>
    </ClCompile>
    <ClCompile Include="..\Classes\Skill\DragonCut.cpp">
      <Filter>src\Skill</Filter>
    </ClCompile>
    <ClCompile Include="..\Classes\Skill\Ember.cpp">
      <Filter>src\Skill</Filter>
    </ClCompile>
    <ClCompile Include="..\Classes\Skill\EnergyBall.cpp">
      <Filter>src\Skill</Filter>
    </ClCompile>
    <ClCompile Include="..\Classes\Skill\FireBlast.cpp">
      <Filter>src\Skill</Filter>
    </ClCompile>
    <ClCompile Include="..\Classes\Skill\FirePunch.cpp">
      <Filter>src\Skill</Filter>
    </ClCompile>
    <ClCompile Include="..\Classes\Skill\Fly.cpp">
      <Filter>src\Skill</Filter>
    </ClCompile>
    <ClCompile Include="..\Classes\Skill\Gust.cpp">
      <Filter>src\Skill</Filter>
    </ClCompile>
    <ClCompile Include="..\Classes\Skill\HydroPump.cpp">
      <Filter>src\Skill</Filter>
    </ClCompile>
    <ClCompile Include="..\Classes\Skill\Peck.cpp">
      <Filter>src\Skill</Filter>
    </ClCompile>
    <ClCompile Include="..\Classes\Skill\QuickAttack.cpp">
      <Filter>src\Skill</Filter>
    </ClCompile>
    <ClCompile Include="..\Classes\Skill\RazorLeaf.cpp">
      <Filter>src\Skill</Filter>
    </ClCompile>
    <ClCompile Include="..\Classes\Skill\Scratch.cpp">
      <Filter>src\Skill</Filter>
    </ClCompile>
    <ClCompile Include="..\Classes\Skill\Spark.cpp">
      <Filter>src\Skill</Filter>
    </ClCompile>
    <ClCompile Include="..\Classes\Skill\Surf.cpp">
      <Filter>src\Skill</Filter>
    </ClCompile>
    <ClCompile Include="..\Classes\Skill\Tackle.cpp">
      <Filter>src\Skill</Filter>
    </ClCompile>
    <ClCompile Include="..\Classes\Skill\Thunder.cpp">
      <Filter>src\Skill</Filter>
    </ClCompile>
    <ClCompile Include="..\Classes\Skill\Thunderbolt.cpp">
      <Filter>src\Skill</Filter>
    </ClCompile>
    <ClCompile Include="..\Classes\Skill\ThunderShock.cpp">
      <Filter>src\Skill</Filter>
    </ClCompile>
    <ClCompile Include="..\Classes\Skill\VineWhip.cpp">
      <Filter>src\Skill</Filter>
    </ClCompile>
    <ClCompile Include="..\Classes\Skill\WaterGun.cpp">
      <Filter>src\Skill</Filter>
    </ClCompile>
    <ClCompile Include="..\Classes\Skill\WaterPulse.cpp">
      <Filter>src\Skill</Filter>
    </ClCompile>
    <ClCompile Include="..\Classes\Skill\WingAttack.cpp">
      <Filter>src\Skill</Filter>
    </ClCompile>
    <ClCompile Include="..\Classes\Skill\WoodHammer.cpp">
      <Filter>src\Skill</Filter>
    </ClCompile>
    <ClCompile Include="..\Classes\Attack.cpp">
      <Filter>src</Filter>
    </ClCompile>
    <ClCompile Include="..\Classes\Scene\Loading.cpp">
      <Filter>src\Scene</Filter>
    </ClCompile>
    <ClCompile Include="..\Classes\Scene\MainMenu.cpp">
      <Filter>src\Scene</Filter>
    </ClCompile>
    <ClCompile Include="..\Classes\NPC\CaveNPC.cpp">
      <Filter>src\NPC</Filter>
    </ClCompile>
    <ClCompile Include="..\Classes\NPC\ChampionNPC.cpp">
      <Filter>src\NPC</Filter>
    </ClCompile>
    <ClCompile Include="..\Classes\NPC\CityNPC.cpp">
      <Filter>src\NPC</Filter>
    </ClCompile>
    <ClCompile Include="..\Classes\NPC\KhuongDuyNPC.cpp">
      <Filter>src\NPC</Filter>
    </ClCompile>
    <ClCompile Include="..\Classes\NPC\LakeNPC.cpp">
      <Filter>src\NPC</Filter>
    </ClCompile>
    <ClCompile Include="..\Classes\NPC\MinhVuongNPC.cpp">
      <Filter>src\NPC</Filter>
    </ClCompile>
    <ClCompile Include="..\Classes\NPC\RouteNPC.cpp">
      <Filter>src\NPC</Filter>
    </ClCompile>
    <ClCompile Include="..\Classes\NPC\TanNgocNPC.cpp">
      <Filter>src\NPC</Filter>
    </ClCompile>
    <ClCompile Include="..\Classes\NPC\TanTaiNPC.cpp">
      <Filter>src\NPC</Filter>
    </ClCompile>
    <ClCompile Include="..\Classes\Popup.cpp">
      <Filter>src</Filter>
    </ClCompile>
    <ClCompile Include="..\Classes\Bag.cpp">
      <Filter>src</Filter>
    </ClCompile>
    <ClCompile Include="..\Classes\Item.cpp">
      <Filter>src</Filter>
    </ClCompile>
    <ClCompile Include="..\Classes\Item\revival.cpp">
      <Filter>src\Item</Filter>
    </ClCompile>
    <ClCompile Include="..\Classes\Item\PP.cpp">
      <Filter>src\Item</Filter>
    </ClCompile>
    <ClCompile Include="..\Classes\Item\HP.cpp">
      <Filter>src\Item</Filter>
    </ClCompile>
    <ClCompile Include="..\Classes\Item\Stone.cpp">
      <Filter>src\Item</Filter>
    </ClCompile>
    <ClCompile Include="..\Classes\Item\HP\Potion.cpp">
      <Filter>src\Item\HP</Filter>
    </ClCompile>
    <ClCompile Include="..\Classes\Item\HP\SuperPotion.cpp">
      <Filter>src\Item\HP</Filter>
    </ClCompile>
    <ClCompile Include="..\Classes\Item\HP\MaxPotion.cpp">
      <Filter>src\Item\HP</Filter>
    </ClCompile>
    <ClCompile Include="..\Classes\Item\Stone\FireStone.cpp">
      <Filter>src\Item\Stone</Filter>
    </ClCompile>
    <ClCompile Include="..\Classes\Item\Stone\WaterStone.cpp">
      <Filter>src\Item\Stone</Filter>
    </ClCompile>
    <ClCompile Include="..\Classes\Item\Stone\LeafStone.cpp">
      <Filter>src\Item\Stone</Filter>
    </ClCompile>
    <ClCompile Include="..\Classes\Item\Stone\ThunderStone.cpp">
      <Filter>src\Item\Stone</Filter>
    </ClCompile>
    <ClCompile Include="..\Classes\Item\Revival\Revive.cpp">
      <Filter>src\Item\Revival</Filter>
    </ClCompile>
    <ClCompile Include="..\Classes\Item\Revival\MaxRevive.cpp">
      <Filter>src\Item\Revival</Filter>
    </ClCompile>
    <ClCompile Include="..\Classes\Scene\MyBag.cpp">
      <Filter>src\Scene</Filter>
    </ClCompile>
    <ClCompile Include="..\Classes\Scene\BuyItem.cpp">
      <Filter>src\Scene</Filter>
    <ClCompile Include="..\Classes\Map\Lake.cpp">
      <Filter>src</Filter>
    </ClCompile>
    <ClCompile Include="..\Classes\Map\Route1.cpp">
      <Filter>src</Filter>
    </ClCompile>
    <ClCompile Include="..\Classes\Map\PokemonCenter.cpp">
      <Filter>src</Filter>
    </ClCompile>
    <ClCompile Include="..\Classes\Map\House.cpp">
      <Filter>src</Filter>
    </ClCompile>
  </ItemGroup>
  <ItemGroup>
    <ClInclude Include="main.h">
      <Filter>win32</Filter>
    </ClInclude>
    <ClInclude Include="..\Classes\AppDelegate.h">
      <Filter>src</Filter>
    </ClInclude>
    <ClInclude Include="..\Classes\HelloWorldScene.h">
      <Filter>src</Filter>
    </ClInclude>
    <ClInclude Include="..\Classes\ResourceManager.h">
      <Filter>src</Filter>
    </ClInclude>
    <ClInclude Include="..\Classes\MyObject.h">
      <Filter>src</Filter>
    </ClInclude>
    <ClInclude Include="..\Classes\Pokemon.h">
      <Filter>src</Filter>
    </ClInclude>
    <ClInclude Include="..\Classes\Pokemon\Charmander.h">
      <Filter>src\Pokemon</Filter>
    </ClInclude>
    <ClInclude Include="..\Classes\Pokemon\Blastoise.h">
      <Filter>src\Pokemon</Filter>
    </ClInclude>
    <ClInclude Include="..\Classes\Pokemon\Squirtle.h">
      <Filter>src\Pokemon</Filter>
    </ClInclude>
    <ClInclude Include="..\Classes\Pokemon\Wartortle.h">
      <Filter>src\Pokemon</Filter>
    </ClInclude>
    <ClInclude Include="..\Classes\Buttons.h">
      <Filter>src</Filter>
    </ClInclude>
    <ClInclude Include="..\Classes\Trainer.h">
      <Filter>src</Filter>
    </ClInclude>
    <ClInclude Include="..\Classes\NPC.h">
      <Filter>src</Filter>
    </ClInclude>
    <ClInclude Include="..\Classes\Pokemon\Bayleef.h">
      <Filter>src\Pokemon</Filter>
    </ClInclude>
    <ClInclude Include="..\Classes\Pokemon\Beautifly.h">
      <Filter>src\Pokemon</Filter>
    </ClInclude>
    <ClInclude Include="..\Classes\Pokemon\Celebi.h">
      <Filter>src\Pokemon</Filter>
    </ClInclude>
    <ClInclude Include="..\Classes\Pokemon\Charmeleon.h">
      <Filter>src\Pokemon</Filter>
    </ClInclude>
    <ClInclude Include="..\Classes\Pokemon\Chikorita.h">
      <Filter>src\Pokemon</Filter>
    </ClInclude>
    <ClInclude Include="..\Classes\Pokemon\Dragonair.h">
      <Filter>src\Pokemon</Filter>
    </ClInclude>
    <ClInclude Include="..\Classes\Pokemon\Dragonite.h">
      <Filter>src\Pokemon</Filter>
    </ClInclude>
    <ClInclude Include="..\Classes\Pokemon\Eevee.h">
      <Filter>src\Pokemon</Filter>
    </ClInclude>
    <ClInclude Include="..\Classes\Pokemon\Electrike.h">
      <Filter>src\Pokemon</Filter>
    </ClInclude>
    <ClInclude Include="..\Classes\Pokemon\Entei.h">
      <Filter>src\Pokemon</Filter>
    </ClInclude>
    <ClInclude Include="..\Classes\Pokemon\Farfetchd.h">
      <Filter>src\Pokemon</Filter>
    </ClInclude>
    <ClInclude Include="..\Classes\Pokemon\Feebas.h">
      <Filter>src\Pokemon</Filter>
    </ClInclude>
    <ClInclude Include="..\Classes\Pokemon\Flareon.h">
      <Filter>src\Pokemon</Filter>
    </ClInclude>
    <ClInclude Include="..\Classes\Pokemon\Garchomp.h">
      <Filter>src\Pokemon</Filter>
    </ClInclude>
    <ClInclude Include="..\Classes\Pokemon\Gardevoir.h">
      <Filter>src\Pokemon</Filter>
    </ClInclude>
    <ClInclude Include="..\Classes\Pokemon\Greninja.h">
      <Filter>src\Pokemon</Filter>
    </ClInclude>
    <ClInclude Include="..\Classes\Pokemon\Jolteon.h">
      <Filter>src\Pokemon</Filter>
    </ClInclude>
    <ClInclude Include="..\Classes\Pokemon\Kirlia.h">
      <Filter>src\Pokemon</Filter>
    </ClInclude>
    <ClInclude Include="..\Classes\Pokemon\Leafeon.h">
      <Filter>src\Pokemon</Filter>
    </ClInclude>
    <ClInclude Include="..\Classes\Pokemon\Manectric.h">
      <Filter>src\Pokemon</Filter>
    </ClInclude>
    <ClInclude Include="..\Classes\Pokemon\Meganium.h">
      <Filter>src\Pokemon</Filter>
    </ClInclude>
    <ClInclude Include="..\Classes\Pokemon\Meowth.h">
      <Filter>src\Pokemon</Filter>
    </ClInclude>
    <ClInclude Include="..\Classes\Pokemon\Milotic.h">
      <Filter>src\Pokemon</Filter>
    </ClInclude>
    <ClInclude Include="..\Classes\Pokemon\Pidgeot.h">
      <Filter>src\Pokemon</Filter>
    </ClInclude>
    <ClInclude Include="..\Classes\Pokemon\Pidgeotto.h">
      <Filter>src\Pokemon</Filter>
    </ClInclude>
    <ClInclude Include="..\Classes\Pokemon\Pidgey.h">
      <Filter>src\Pokemon</Filter>
    </ClInclude>
    <ClInclude Include="..\Classes\Pokemon\Pikachu.h">
      <Filter>src\Pokemon</Filter>
    </ClInclude>
    <ClInclude Include="..\Classes\Pokemon\Ponyta.h">
      <Filter>src\Pokemon</Filter>
    </ClInclude>
    <ClInclude Include="..\Classes\Pokemon\Raikou.h">
      <Filter>src\Pokemon</Filter>
    </ClInclude>
    <ClInclude Include="..\Classes\Pokemon\Ralts.h">
      <Filter>src\Pokemon</Filter>
    </ClInclude>
    <ClInclude Include="..\Classes\Pokemon\Salamence.h">
      <Filter>src\Pokemon</Filter>
    </ClInclude>
    <ClInclude Include="..\Classes\Pokemon\Shaymin.h">
      <Filter>src\Pokemon</Filter>
    </ClInclude>
    <ClInclude Include="..\Classes\Pokemon\Skymin.h">
      <Filter>src\Pokemon</Filter>
    </ClInclude>
    <ClInclude Include="..\Classes\Pokemon\Snorlax.h">
      <Filter>src\Pokemon</Filter>
    </ClInclude>
    <ClInclude Include="..\Classes\Pokemon\Suicune.h">
      <Filter>src\Pokemon</Filter>
    </ClInclude>
    <ClInclude Include="..\Classes\Pokemon\Swellow.h">
      <Filter>src\Pokemon</Filter>
    </ClInclude>
    <ClInclude Include="..\Classes\Pokemon\Taillow.h">
      <Filter>src\Pokemon</Filter>
    </ClInclude>
    <ClInclude Include="..\Classes\Pokemon\Vaporeon.h">
      <Filter>src\Pokemon</Filter>
    </ClInclude>
    <ClInclude Include="..\Classes\Pokemon\Voltorb.h">
      <Filter>src\Pokemon</Filter>
    </ClInclude>
    <ClInclude Include="..\Classes\Pokemon\Vulpix.h">
      <Filter>src\Pokemon</Filter>
    </ClInclude>
    <ClInclude Include="..\Classes\Pokemon\Charizard.h">
      <Filter>src\Pokemon</Filter>
    </ClInclude>
    <ClInclude Include="..\Classes\Skill\Bite.h">
      <Filter>src\Skill</Filter>
    </ClInclude>
    <ClInclude Include="..\Classes\Skill\BlastBurn.h">
      <Filter>src\Skill</Filter>
    </ClInclude>
    <ClInclude Include="..\Classes\Skill\BodySlam.h">
      <Filter>src\Skill</Filter>
    </ClInclude>
    <ClInclude Include="..\Classes\Skill\DracoMeteor.h">
      <Filter>src\Skill</Filter>
    </ClInclude>
    <ClInclude Include="..\Classes\Skill\DragonClaw.h">
      <Filter>src\Skill</Filter>
    </ClInclude>
    <ClInclude Include="..\Classes\Skill\DragonCut.h">
      <Filter>src\Skill</Filter>
    </ClInclude>
    <ClInclude Include="..\Classes\Skill\Ember.h">
      <Filter>src\Skill</Filter>
    </ClInclude>
    <ClInclude Include="..\Classes\Skill\EnergyBall.h">
      <Filter>src\Skill</Filter>
    </ClInclude>
    <ClInclude Include="..\Classes\Skill\FireBlast.h">
      <Filter>src\Skill</Filter>
    </ClInclude>
    <ClInclude Include="..\Classes\Skill\FirePunch.h">
      <Filter>src\Skill</Filter>
    </ClInclude>
    <ClInclude Include="..\Classes\Skill\Fly.h">
      <Filter>src\Skill</Filter>
    </ClInclude>
    <ClInclude Include="..\Classes\Skill\Gust.h">
      <Filter>src\Skill</Filter>
    </ClInclude>
    <ClInclude Include="..\Classes\Skill\HydroPump.h">
      <Filter>src\Skill</Filter>
    </ClInclude>
    <ClInclude Include="..\Classes\Skill\Peck.h">
      <Filter>src\Skill</Filter>
    </ClInclude>
    <ClInclude Include="..\Classes\Skill\QuickAttack.h">
      <Filter>src\Skill</Filter>
    </ClInclude>
    <ClInclude Include="..\Classes\Skill\RazorLeaf.h">
      <Filter>src\Skill</Filter>
    </ClInclude>
    <ClInclude Include="..\Classes\Skill\Scratch.h">
      <Filter>src\Skill</Filter>
    </ClInclude>
    <ClInclude Include="..\Classes\Skill\Spark.h">
      <Filter>src\Skill</Filter>
    </ClInclude>
    <ClInclude Include="..\Classes\Skill\Surf.h">
      <Filter>src\Skill</Filter>
    </ClInclude>
    <ClInclude Include="..\Classes\Skill\Tackle.h">
      <Filter>src\Skill</Filter>
    </ClInclude>
    <ClInclude Include="..\Classes\Skill\Thunder.h">
      <Filter>src\Skill</Filter>
    </ClInclude>
    <ClInclude Include="..\Classes\Skill\Thunderbolt.h">
      <Filter>src\Skill</Filter>
    </ClInclude>
    <ClInclude Include="..\Classes\Skill\ThunderShock.h">
      <Filter>src\Skill</Filter>
    </ClInclude>
    <ClInclude Include="..\Classes\Skill\VineWhip.h">
      <Filter>src\Skill</Filter>
    </ClInclude>
    <ClInclude Include="..\Classes\Skill\WaterGun.h">
      <Filter>src\Skill</Filter>
    </ClInclude>
    <ClInclude Include="..\Classes\Skill\WaterPulse.h">
      <Filter>src\Skill</Filter>
    </ClInclude>
    <ClInclude Include="..\Classes\Skill\WingAttack.h">
      <Filter>src\Skill</Filter>
    </ClInclude>
    <ClInclude Include="..\Classes\Skill\WoodHammer.h">
      <Filter>src\Skill</Filter>
    </ClInclude>
    <ClInclude Include="..\Classes\Attack.h">
      <Filter>src</Filter>
    </ClInclude>
    <ClInclude Include="..\Classes\Scene\Loading.h">
      <Filter>src\Scene</Filter>
    </ClInclude>
    <ClInclude Include="..\Classes\Scene\MainMenu.h">
      <Filter>src\Scene</Filter>
    </ClInclude>
    <ClInclude Include="..\Classes\NPC\CaveNPC.h">
      <Filter>src\NPC</Filter>
    </ClInclude>
    <ClInclude Include="..\Classes\NPC\ChampionNPC.h">
      <Filter>src\NPC</Filter>
    </ClInclude>
    <ClInclude Include="..\Classes\NPC\CityNPC.h">
      <Filter>src\NPC</Filter>
    </ClInclude>
    <ClInclude Include="..\Classes\NPC\KhuongDuyNPC.h">
      <Filter>src\NPC</Filter>
    </ClInclude>
    <ClInclude Include="..\Classes\NPC\LakeNPC.h">
      <Filter>src\NPC</Filter>
    </ClInclude>
    <ClInclude Include="..\Classes\NPC\MinhVuongNPC.h">
      <Filter>src\NPC</Filter>
    </ClInclude>
    <ClInclude Include="..\Classes\NPC\RouteNPC.h">
      <Filter>src\NPC</Filter>
    </ClInclude>
    <ClInclude Include="..\Classes\NPC\TanNgocNPC.h">
      <Filter>src\NPC</Filter>
    </ClInclude>
    <ClInclude Include="..\Classes\NPC\TanTaiNPC.h">
      <Filter>src\NPC</Filter>
    </ClInclude>
    <ClInclude Include="..\Classes\Popup.h">
      <Filter>src</Filter>
    </ClInclude>
    <ClInclude Include="..\Classes\Bag.h">
      <Filter>src</Filter>
    </ClInclude>
    <ClInclude Include="..\Classes\Item.h">
      <Filter>src</Filter>
    </ClInclude>
    <ClInclude Include="..\Classes\Item\revival.h">
      <Filter>src\Item</Filter>
    </ClInclude>
    <ClInclude Include="..\Classes\Item\PP.h">
      <Filter>src\Item</Filter>
    </ClInclude>
    <ClInclude Include="..\Classes\Item\HP.h">
      <Filter>src\Item</Filter>
    </ClInclude>
    <ClInclude Include="..\Classes\Item\Stone.h">
      <Filter>src\Item</Filter>
    </ClInclude>
    <ClInclude Include="..\Classes\Item\HP\Potion.h">
      <Filter>src\Item\HP</Filter>
    </ClInclude>
    <ClInclude Include="..\Classes\Item\HP\SuperPotion.h">
      <Filter>src\Item\HP</Filter>
    </ClInclude>
    <ClInclude Include="..\Classes\Item\HP\MaxPotion.h">
      <Filter>src\Item\HP</Filter>
    </ClInclude>
    <ClInclude Include="..\Classes\Item\Stone\FireStone.h">
      <Filter>src\Item\Stone</Filter>
    </ClInclude>
    <ClInclude Include="..\Classes\Item\Stone\WaterStone.h">
      <Filter>src\Item\Stone</Filter>
    </ClInclude>
    <ClInclude Include="..\Classes\Item\Stone\LeafStone.h">
      <Filter>src\Item\Stone</Filter>
    </ClInclude>
    <ClInclude Include="..\Classes\Item\Stone\ThunderStone.h">
      <Filter>src\Item\Stone</Filter>
    </ClInclude>
    <ClInclude Include="..\Classes\Item\Revival\Revive.h">
      <Filter>src\Item\Revival</Filter>
    </ClInclude>
    <ClInclude Include="..\Classes\Item\Revival\MaxRevive.h">
      <Filter>src\Item\Revival</Filter>
    </ClInclude>
    <ClInclude Include="..\Classes\Scene\MyBag.h">
      <Filter>src\Scene</Filter>
    </ClInclude>
    <ClInclude Include="..\Classes\Scene\BuyItem.h">
      <Filter>src\Scene</Filter>
    <ClInclude Include="..\Classes\Map\Lake.h">
      <Filter>src</Filter>
    </ClInclude>
    <ClInclude Include="..\Classes\Map\Route1.h">
      <Filter>src</Filter>
    </ClInclude>
    <ClInclude Include="..\Classes\Map\PokemonCenter.h">
      <Filter>src</Filter>
    </ClInclude>
    <ClInclude Include="..\Classes\Map\House.h">
      <Filter>src</Filter>
    </ClInclude>
  </ItemGroup>
  <ItemGroup>
    <ResourceCompile Include="game.rc">
      <Filter>resource</Filter>
    </ResourceCompile>
  </ItemGroup>
</Project>